{
    "_readme": [
        "This file locks the dependencies of your project to a known state",
        "Read more about it at https://getcomposer.org/doc/01-basic-usage.md#composer-lock-the-lock-file",
        "This file is @generated automatically"
    ],
    "hash": "eca8c70728311b65159dfbe07ce7547b",
    "content-hash": "7e4ee0b298a4f79cc6a990991324da44",
    "packages": [
        {
            "name": "stavarengo/php-sigep-fpdf",
            "version": "dev-master",
            "source": {
                "type": "git",
                "url": "https://github.com/stavarengo/php-sigep-fpdf.git",
                "reference": "fe32b93f484f6a3da25571d252461496bb90181f"
            },
            "dist": {
                "type": "zip",
                "url": "https://api.github.com/repos/stavarengo/php-sigep-fpdf/zipball/fe32b93f484f6a3da25571d252461496bb90181f",
                "reference": "fe32b93f484f6a3da25571d252461496bb90181f",
                "shasum": ""
            },
            "type": "library",
            "autoload": {
                "classmap": [
                    "PhpSigepFPDF.php"
                ]
            },
            "notification-url": "https://packagist.org/downloads/",
            "license": [
                "MIT"
            ],
            "authors": [
                {
                    "name": "Stavarengo",
                    "email": "faelsta@gmail.com"
                }
            ],
            "description": "Unofficial FPDF library - Cópia do FPDF 1.7 usado pelo projeto stavarengo/php-sigep.",
            "time": "2015-11-12 15:10:30"
        }
    ],
    "packages-dev": [],
    "aliases": [],
    "minimum-stability": "stable",
    "stability-flags": {
        "stavarengo/php-sigep-fpdf": 20
    },
    "prefer-stable": false,
    "prefer-lowest": false,
    "platform": {
        "php": ">=5.1.0"
    },
    "platform-dev": []
}
